
Microsoft Visual Studio Solution File, Format Version 12.00
# Visual Studio Version 17
VisualStudioVersion = 17.10.34928.147
MinimumVisualStudioVersion = 10.0.40219.1
Project("{FAE04EC0-301F-11D3-BF4B-00C04F79EFBC}") = "midterm-valetparking", "midterm-valetparking\midterm-valetparking.csproj", "{8256B3B1-8E5A-49C3-BA9B-CB2A2249136A}"
EndProject
Global
	GlobalSection(SolutionConfigurationPlatforms) = preSolution
		Debug|Any CPU = Debug|Any CPU
		Release|Any CPU = Release|Any CPU
	EndGlobalSection
	GlobalSection(ProjectConfigurationPlatforms) = postSolution
		{8256B3B1-8E5A-49C3-BA9B-CB2A2249136A}.Debug|Any CPU.ActiveCfg = Debug|Any CPU
		{8256B3B1-8E5A-49C3-BA9B-CB2A2249136A}.Debug|Any CPU.Build.0 = Debug|Any CPU
		{8256B3B1-8E5A-49C3-BA9B-CB2A2249136A}.Release|Any CPU.ActiveCfg = Release|Any CPU
		{8256B3B1-8E5A-49C3-BA9B-CB2A2249136A}.Release|Any CPU.Build.0 = Release|Any CPU
	EndGlobalSection
	GlobalSection(SolutionProperties) = preSolution
		HideSolutionNode = FALSE
	EndGlobalSection
	GlobalSection(ExtensibilityGlobals) = postSolution
		SolutionGuid = {A3C611C5-ED08-40A5-ABA4-C5EEC374F16B}
	EndGlobalSection
EndGlobal
